
Microsoft Visual Studio Solution File, Format Version 12.00
# Visual Studio 15
VisualStudioVersion = 15.0.26228.12
MinimumVisualStudioVersion = 10.0.40219.1
Project("{FAE04EC0-301F-11D3-BF4B-00C04F79EFBC}") = "SIDECA", "SIDECA\SIDECA.csproj", "{931A82A2-D31D-4277-81D9-52F45926393A}"
EndProject
Project("{FAE04EC0-301F-11D3-BF4B-00C04F79EFBC}") = "Library", "ClassLibrary2\Library.csproj", "{FBEB5F18-23BF-4374-AAF8-B7BD154768DC}"
EndProject
Project("{FAE04EC0-301F-11D3-BF4B-00C04F79EFBC}") = "DataTest", "DataTest\DataTest.csproj", "{D98E3F08-E953-4FC2-AA3E-538E74567669}"
EndProject
Global
	GlobalSection(SolutionConfigurationPlatforms) = preSolution
		Debug|Any CPU = Debug|Any CPU
		Release|Any CPU = Release|Any CPU
	EndGlobalSection
	GlobalSection(ProjectConfigurationPlatforms) = postSolution
		{931A82A2-D31D-4277-81D9-52F45926393A}.Debug|Any CPU.ActiveCfg = Debug|Any CPU
		{931A82A2-D31D-4277-81D9-52F45926393A}.Debug|Any CPU.Build.0 = Debug|Any CPU
		{931A82A2-D31D-4277-81D9-52F45926393A}.Release|Any CPU.ActiveCfg = Release|Any CPU
		{931A82A2-D31D-4277-81D9-52F45926393A}.Release|Any CPU.Build.0 = Release|Any CPU
		{FBEB5F18-23BF-4374-AAF8-B7BD154768DC}.Debug|Any CPU.ActiveCfg = Debug|Any CPU
		{FBEB5F18-23BF-4374-AAF8-B7BD154768DC}.Debug|Any CPU.Build.0 = Debug|Any CPU
		{FBEB5F18-23BF-4374-AAF8-B7BD154768DC}.Release|Any CPU.ActiveCfg = Release|Any CPU
		{FBEB5F18-23BF-4374-AAF8-B7BD154768DC}.Release|Any CPU.Build.0 = Release|Any CPU
		{D98E3F08-E953-4FC2-AA3E-538E74567669}.Debug|Any CPU.ActiveCfg = Debug|Any CPU
		{D98E3F08-E953-4FC2-AA3E-538E74567669}.Debug|Any CPU.Build.0 = Debug|Any CPU
		{D98E3F08-E953-4FC2-AA3E-538E74567669}.Release|Any CPU.ActiveCfg = Release|Any CPU
		{D98E3F08-E953-4FC2-AA3E-538E74567669}.Release|Any CPU.Build.0 = Release|Any CPU
	EndGlobalSection
	GlobalSection(SolutionProperties) = preSolution
		HideSolutionNode = FALSE
	EndGlobalSection
EndGlobal
